// !$*UTF8*$!
{
	archiveVersion = 1;
	classes = {
	};
	objectVersion = 56;
	objects = {

/* Begin PBXBuildFile section */
		7F9D224E2D9B0A1D00784095 /* AppDelegate.swift in Sources */ = {isa = PBXBuildFile; fileRef = 7F9D224D2D9B0A1D00784095 /* AppDelegate.swift */; };
		7F9D22522D9B0A1D00784095 /* ViewController.swift in Sources */ = {isa = PBXBuildFile; fileRef = 7F9D22512D9B0A1D00784095 /* ViewController.swift */; };
		7F9D22582D9B0A1D00784095 /* ibrahim_erdogan_marti_case.xcdatamodeld in Sources */ = {isa = PBXBuildFile; fileRef = 7F9D22562D9B0A1D00784095 /* ibrahim_erdogan_marti_case.xcdatamodeld */; };
		7F9D225A2D9B0A1E00784095 /* Assets.xcassets in Resources */ = {isa = PBXBuildFile; fileRef = 7F9D22592D9B0A1E00784095 /* Assets.xcassets */; };
		7F9D226A2D9B15B900784095 /* LocationManager.swift in Sources */ = {isa = PBXBuildFile; fileRef = 7F9D22692D9B15B900784095 /* LocationManager.swift */; };
		7F9D22722D9B1B5F00784095 /* MainMapViewModel.swift in Sources */ = {isa = PBXBuildFile; fileRef = 7F9D22712D9B1B5F00784095 /* MainMapViewModel.swift */; };
		7F9D22742D9B1BCF00784095 /* MainMapViewController.swift in Sources */ = {isa = PBXBuildFile; fileRef = 7F9D22732D9B1BCF00784095 /* MainMapViewController.swift */; };
		7F9D22762D9C759B00784095 /* GeocoderManager.swift in Sources */ = {isa = PBXBuildFile; fileRef = 7F9D22752D9C759B00784095 /* GeocoderManager.swift */; };
		7F9D22782D9C775B00784095 /* CustomLocationModel.swift in Sources */ = {isa = PBXBuildFile; fileRef = 7F9D22772D9C775B00784095 /* CustomLocationModel.swift */; };
		7F9D30D32D9D896200A22B05 /* UserDefaultManager.swift in Sources */ = {isa = PBXBuildFile; fileRef = 7F9D30D22D9D896200A22B05 /* UserDefaultManager.swift */; };
/* End PBXBuildFile section */

/* Begin PBXFileReference section */
		7F9D224A2D9B0A1D00784095 /* ibrahim_erdogan_marti_case.app */ = {isa = PBXFileReference; explicitFileType = wrapper.application; includeInIndex = 0; path = ibrahim_erdogan_marti_case.app; sourceTree = BUILT_PRODUCTS_DIR; };
		7F9D224D2D9B0A1D00784095 /* AppDelegate.swift */ = {isa = PBXFileReference; lastKnownFileType = sourcecode.swift; path = AppDelegate.swift; sourceTree = "<group>"; };
		7F9D22512D9B0A1D00784095 /* ViewController.swift */ = {isa = PBXFileReference; lastKnownFileType = sourcecode.swift; path = ViewController.swift; sourceTree = "<group>"; };
		7F9D22572D9B0A1D00784095 /* ibrahim_erdogan_marti_case.xcdatamodel */ = {isa = PBXFileReference; lastKnownFileType = wrapper.xcdatamodel; path = ibrahim_erdogan_marti_case.xcdatamodel; sourceTree = "<group>"; };
		7F9D22592D9B0A1E00784095 /* Assets.xcassets */ = {isa = PBXFileReference; lastKnownFileType = folder.assetcatalog; path = Assets.xcassets; sourceTree = "<group>"; };
		7F9D225E2D9B0A1E00784095 /* Info.plist */ = {isa = PBXFileReference; lastKnownFileType = text.plist.xml; path = Info.plist; sourceTree = "<group>"; };
		7F9D22692D9B15B900784095 /* LocationManager.swift */ = {isa = PBXFileReference; lastKnownFileType = sourcecode.swift; path = LocationManager.swift; sourceTree = "<group>"; };
		7F9D22712D9B1B5F00784095 /* MainMapViewModel.swift */ = {isa = PBXFileReference; lastKnownFileType = sourcecode.swift; name = MainMapViewModel.swift; path = ibrahim_erdogan_marti_case/View/MainMapViewModel.swift; sourceTree = SOURCE_ROOT; };
		7F9D22732D9B1BCF00784095 /* MainMapViewController.swift */ = {isa = PBXFileReference; lastKnownFileType = sourcecode.swift; path = MainMapViewController.swift; sourceTree = "<group>"; };
		7F9D22752D9C759B00784095 /* GeocoderManager.swift */ = {isa = PBXFileReference; lastKnownFileType = sourcecode.swift; path = GeocoderManager.swift; sourceTree = "<group>"; };
		7F9D22772D9C775B00784095 /* CustomLocationModel.swift */ = {isa = PBXFileReference; lastKnownFileType = sourcecode.swift; path = CustomLocationModel.swift; sourceTree = "<group>"; };
		7F9D30D22D9D896200A22B05 /* UserDefaultManager.swift */ = {isa = PBXFileReference; lastKnownFileType = sourcecode.swift; path = UserDefaultManager.swift; sourceTree = "<group>"; };
/* End PBXFileReference section */

/* Begin PBXFrameworksBuildPhase section */
		7F9D22472D9B0A1D00784095 /* Frameworks */ = {
			isa = PBXFrameworksBuildPhase;
			buildActionMask = 2147483647;
			files = (
			);
			runOnlyForDeploymentPostprocessing = 0;
		};
/* End PBXFrameworksBuildPhase section */

/* Begin PBXGroup section */
		7F9D22412D9B0A1D00784095 = {
			isa = PBXGroup;
			children = (
				7F9D224C2D9B0A1D00784095 /* ibrahim_erdogan_marti_case */,
				7F9D224B2D9B0A1D00784095 /* Products */,
			);
			sourceTree = "<group>";
		};
		7F9D224B2D9B0A1D00784095 /* Products */ = {
			isa = PBXGroup;
			children = (
				7F9D224A2D9B0A1D00784095 /* ibrahim_erdogan_marti_case.app */,
			);
			name = Products;
			sourceTree = "<group>";
		};
		7F9D224C2D9B0A1D00784095 /* ibrahim_erdogan_marti_case */ = {
			isa = PBXGroup;
			children = (
				7F9D22682D9B15AB00784095 /* Managers */,
				7F9D22672D9B125400784095 /* AppDelegate */,
				7F9D22662D9B121A00784095 /* Model */,
				7F9D22652D9B121300784095 /* ViewModel */,
				7F9D22642D9B120700784095 /* View */,
				7F9D22592D9B0A1E00784095 /* Assets.xcassets */,
				7F9D225E2D9B0A1E00784095 /* Info.plist */,
				7F9D22562D9B0A1D00784095 /* ibrahim_erdogan_marti_case.xcdatamodeld */,
			);
			path = ibrahim_erdogan_marti_case;
			sourceTree = "<group>";
		};
		7F9D22642D9B120700784095 /* View */ = {
			isa = PBXGroup;
			children = (
				7F9D22512D9B0A1D00784095 /* ViewController.swift */,
				7F9D22732D9B1BCF00784095 /* MainMapViewController.swift */,
			);
			path = View;
			sourceTree = "<group>";
		};
		7F9D22652D9B121300784095 /* ViewModel */ = {
			isa = PBXGroup;
			children = (
				7F9D22712D9B1B5F00784095 /* MainMapViewModel.swift */,
			);
			path = ViewModel;
			sourceTree = "<group>";
		};
		7F9D22662D9B121A00784095 /* Model */ = {
			isa = PBXGroup;
			children = (
				7F9D22772D9C775B00784095 /* CustomLocationModel.swift */,
			);
			path = Model;
			sourceTree = "<group>";
		};
		7F9D22672D9B125400784095 /* AppDelegate */ = {
			isa = PBXGroup;
			children = (
				7F9D224D2D9B0A1D00784095 /* AppDelegate.swift */,
			);
			path = AppDelegate;
			sourceTree = "<group>";
		};
		7F9D22682D9B15AB00784095 /* Managers */ = {
			isa = PBXGroup;
			children = (
				7F9D22692D9B15B900784095 /* LocationManager.swift */,
				7F9D22752D9C759B00784095 /* GeocoderManager.swift */,
				7F9D30D22D9D896200A22B05 /* UserDefaultManager.swift */,
			);
			path = Managers;
			sourceTree = "<group>";
		};
/* End PBXGroup section */

/* Begin PBXNativeTarget section */
		7F9D22492D9B0A1D00784095 /* ibrahim_erdogan_marti_case */ = {
			isa = PBXNativeTarget;
			buildConfigurationList = 7F9D22612D9B0A1E00784095 /* Build configuration list for PBXNativeTarget "ibrahim_erdogan_marti_case" */;
			buildPhases = (
				7F9D22462D9B0A1D00784095 /* Sources */,
				7F9D22472D9B0A1D00784095 /* Frameworks */,
				7F9D22482D9B0A1D00784095 /* Resources */,
			);
			buildRules = (
			);
			dependencies = (
			);
			name = ibrahim_erdogan_marti_case;
			productName = ibrahim_erdogan_marti_case;
			productReference = 7F9D224A2D9B0A1D00784095 /* ibrahim_erdogan_marti_case.app */;
			productType = "com.apple.product-type.application";
		};
/* End PBXNativeTarget section */

/* Begin PBXProject section */
		7F9D22422D9B0A1D00784095 /* Project object */ = {
			isa = PBXProject;
			attributes = {
				BuildIndependentTargetsInParallel = 1;
				LastSwiftUpdateCheck = 1500;
				LastUpgradeCheck = 1500;
				TargetAttributes = {
					7F9D22492D9B0A1D00784095 = {
						CreatedOnToolsVersion = 15.0.1;
					};
				};
			};
			buildConfigurationList = 7F9D22452D9B0A1D00784095 /* Build configuration list for PBXProject "ibrahim_erdogan_marti_case" */;
			compatibilityVersion = "Xcode 14.0";
			developmentRegion = en;
			hasScannedForEncodings = 0;
			knownRegions = (
				en,
				Base,
			);
			mainGroup = 7F9D22412D9B0A1D00784095;
			productRefGroup = 7F9D224B2D9B0A1D00784095 /* Products */;
			projectDirPath = "";
			projectRoot = "";
			targets = (
				7F9D22492D9B0A1D00784095 /* ibrahim_erdogan_marti_case */,
			);
		};
/* End PBXProject section */

/* Begin PBXResourcesBuildPhase section */
		7F9D22482D9B0A1D00784095 /* Resources */ = {
			isa = PBXResourcesBuildPhase;
			buildActionMask = 2147483647;
			files = (
				7F9D225A2D9B0A1E00784095 /* Assets.xcassets in Resources */,
			);
			runOnlyForDeploymentPostprocessing = 0;
		};
/* End PBXResourcesBuildPhase section */

/* Begin PBXSourcesBuildPhase section */
		7F9D22462D9B0A1D00784095 /* Sources */ = {
			isa = PBXSourcesBuildPhase;
			buildActionMask = 2147483647;
			files = (
				7F9D22742D9B1BCF00784095 /* MainMapViewController.swift in Sources */,
				7F9D22782D9C775B00784095 /* CustomLocationModel.swift in Sources */,
				7F9D226A2D9B15B900784095 /* LocationManager.swift in Sources */,
				7F9D22522D9B0A1D00784095 /* ViewController.swift in Sources */,
				7F9D22582D9B0A1D00784095 /* ibrahim_erdogan_marti_case.xcdatamodeld in Sources */,
				7F9D224E2D9B0A1D00784095 /* AppDelegate.swift in Sources */,
				7F9D30D32D9D896200A22B05 /* UserDefaultManager.swift in Sources */,
				7F9D22762D9C759B00784095 /* GeocoderManager.swift in Sources */,
				7F9D22722D9B1B5F00784095 /* MainMapViewModel.swift in Sources */,
			);
			runOnlyForDeploymentPostprocessing = 0;
		};
/* End PBXSourcesBuildPhase section */

/* Begin XCBuildConfiguration section */
		7F9D225F2D9B0A1E00784095 /* Debug */ = {
			isa = XCBuildConfiguration;
			buildSettings = {
				ALWAYS_SEARCH_USER_PATHS = NO;
				ASSETCATALOG_COMPILER_GENERATE_SWIFT_ASSET_SYMBOL_EXTENSIONS = YES;
				CLANG_ANALYZER_NONNULL = YES;
				CLANG_ANALYZER_NUMBER_OBJECT_CONVERSION = YES_AGGRESSIVE;
				CLANG_CXX_LANGUAGE_STANDARD = "gnu++20";
				CLANG_ENABLE_MODULES = YES;
				CLANG_ENABLE_OBJC_ARC = YES;
				CLANG_ENABLE_OBJC_WEAK = YES;
				CLANG_WARN_BLOCK_CAPTURE_AUTORELEASING = YES;
				CLANG_WARN_BOOL_CONVERSION = YES;
				CLANG_WARN_COMMA = YES;
				CLANG_WARN_CONSTANT_CONVERSION = YES;
				CLANG_WARN_DEPRECATED_OBJC_IMPLEMENTATIONS = YES;
				CLANG_WARN_DIRECT_OBJC_ISA_USAGE = YES_ERROR;
				CLANG_WARN_DOCUMENTATION_COMMENTS = YES;
				CLANG_WARN_EMPTY_BODY = YES;
				CLANG_WARN_ENUM_CONVERSION = YES;
				CLANG_WARN_INFINITE_RECURSION = YES;
				CLANG_WARN_INT_CONVERSION = YES;
				CLANG_WARN_NON_LITERAL_NULL_CONVERSION = YES;
				CLANG_WARN_OBJC_IMPLICIT_RETAIN_SELF = YES;
				CLANG_WARN_OBJC_LITERAL_CONVERSION = YES;
				CLANG_WARN_OBJC_ROOT_CLASS = YES_ERROR;
				CLANG_WARN_QUOTED_INCLUDE_IN_FRAMEWORK_HEADER = YES;
				CLANG_WARN_RANGE_LOOP_ANALYSIS = YES;
				CLANG_WARN_STRICT_PROTOTYPES = YES;
				CLANG_WARN_SUSPICIOUS_MOVE = YES;
				CLANG_WARN_UNGUARDED_AVAILABILITY = YES_AGGRESSIVE;
				CLANG_WARN_UNREACHABLE_CODE = YES;
				CLANG_WARN__DUPLICATE_METHOD_MATCH = YES;
				COPY_PHASE_STRIP = NO;
				DEBUG_INFORMATION_FORMAT = dwarf;
				ENABLE_STRICT_OBJC_MSGSEND = YES;
				ENABLE_TESTABILITY = YES;
				ENABLE_USER_SCRIPT_SANDBOXING = YES;
				GCC_C_LANGUAGE_STANDARD = gnu17;
				GCC_DYNAMIC_NO_PIC = NO;
				GCC_NO_COMMON_BLOCKS = YES;
				GCC_OPTIMIZATION_LEVEL = 0;
				GCC_PREPROCESSOR_DEFINITIONS = (
					"DEBUG=1",
					"$(inherited)",
				);
				GCC_WARN_64_TO_32_BIT_CONVERSION = YES;
				GCC_WARN_ABOUT_RETURN_TYPE = YES_ERROR;
				GCC_WARN_UNDECLARED_SELECTOR = YES;
				GCC_WARN_UNINITIALIZED_AUTOS = YES_AGGRESSIVE;
				GCC_WARN_UNUSED_FUNCTION = YES;
				GCC_WARN_UNUSED_VARIABLE = YES;
				IPHONEOS_DEPLOYMENT_TARGET = 17.0;
				LOCALIZATION_PREFERS_STRING_CATALOGS = YES;
				MTL_ENABLE_DEBUG_INFO = INCLUDE_SOURCE;
				MTL_FAST_MATH = YES;
				ONLY_ACTIVE_ARCH = YES;
				SDKROOT = iphoneos;
				SWIFT_ACTIVE_COMPILATION_CONDITIONS = "DEBUG $(inherited)";
				SWIFT_OPTIMIZATION_LEVEL = "-Onone";
			};
			name = Debug;
		};
		7F9D22602D9B0A1E00784095 /* Release */ = {
			isa = XCBuildConfiguration;
			buildSettings = {
				ALWAYS_SEARCH_USER_PATHS = NO;
				ASSETCATALOG_COMPILER_GENERATE_SWIFT_ASSET_SYMBOL_EXTENSIONS = YES;
				CLANG_ANALYZER_NONNULL = YES;
				CLANG_ANALYZER_NUMBER_OBJECT_CONVERSION = YES_AGGRESSIVE;
				CLANG_CXX_LANGUAGE_STANDARD = "gnu++20";
				CLANG_ENABLE_MODULES = YES;
				CLANG_ENABLE_OBJC_ARC = YES;
				CLANG_ENABLE_OBJC_WEAK = YES;
				CLANG_WARN_BLOCK_CAPTURE_AUTORELEASING = YES;
				CLANG_WARN_BOOL_CONVERSION = YES;
				CLANG_WARN_COMMA = YES;
				CLANG_WARN_CONSTANT_CONVERSION = YES;
				CLANG_WARN_DEPRECATED_OBJC_IMPLEMENTATIONS = YES;
				CLANG_WARN_DIRECT_OBJC_ISA_USAGE = YES_ERROR;
				CLANG_WARN_DOCUMENTATION_COMMENTS = YES;
				CLANG_WARN_EMPTY_BODY = YES;
				CLANG_WARN_ENUM_CONVERSION = YES;
				CLANG_WARN_INFINITE_RECURSION = YES;
				CLANG_WARN_INT_CONVERSION = YES;
				CLANG_WARN_NON_LITERAL_NULL_CONVERSION = YES;
				CLANG_WARN_OBJC_IMPLICIT_RETAIN_SELF = YES;
				CLANG_WARN_OBJC_LITERAL_CONVERSION = YES;
				CLANG_WARN_OBJC_ROOT_CLASS = YES_ERROR;
				CLANG_WARN_QUOTED_INCLUDE_IN_FRAMEWORK_HEADER = YES;
				CLANG_WARN_RANGE_LOOP_ANALYSIS = YES;
				CLANG_WARN_STRICT_PROTOTYPES = YES;
				CLANG_WARN_SUSPICIOUS_MOVE = YES;
				CLANG_WARN_UNGUARDED_AVAILABILITY = YES_AGGRESSIVE;
				CLANG_WARN_UNREACHABLE_CODE = YES;
				CLANG_WARN__DUPLICATE_METHOD_MATCH = YES;
				COPY_PHASE_STRIP = NO;
				DEBUG_INFORMATION_FORMAT = "dwarf-with-dsym";
				ENABLE_NS_ASSERTIONS = NO;
				ENABLE_STRICT_OBJC_MSGSEND = YES;
				ENABLE_USER_SCRIPT_SANDBOXING = YES;
				GCC_C_LANGUAGE_STANDARD = gnu17;
				GCC_NO_COMMON_BLOCKS = YES;
				GCC_WARN_64_TO_32_BIT_CONVERSION = YES;
				GCC_WARN_ABOUT_RETURN_TYPE = YES_ERROR;
				GCC_WARN_UNDECLARED_SELECTOR = YES;
				GCC_WARN_UNINITIALIZED_AUTOS = YES_AGGRESSIVE;
				GCC_WARN_UNUSED_FUNCTION = YES;
				GCC_WARN_UNUSED_VARIABLE = YES;
				IPHONEOS_DEPLOYMENT_TARGET = 17.0;
				LOCALIZATION_PREFERS_STRING_CATALOGS = YES;
				MTL_ENABLE_DEBUG_INFO = NO;
				MTL_FAST_MATH = YES;
				SDKROOT = iphoneos;
				SWIFT_COMPILATION_MODE = wholemodule;
				VALIDATE_PRODUCT = YES;
			};
			name = Release;
		};
		7F9D22622D9B0A1E00784095 /* Debug */ = {
			isa = XCBuildConfiguration;
			buildSettings = {
				ASSETCATALOG_COMPILER_APPICON_NAME = AppIcon;
				ASSETCATALOG_COMPILER_GLOBAL_ACCENT_COLOR_NAME = AccentColor;
				CODE_SIGN_STYLE = Automatic;
				CURRENT_PROJECT_VERSION = 1;
				DEVELOPMENT_TEAM = PG9S8XJGY8;
				GENERATE_INFOPLIST_FILE = YES;
				INFOPLIST_FILE = ibrahim_erdogan_marti_case/Info.plist;
				INFOPLIST_KEY_UIApplicationSupportsIndirectInputEvents = YES;
				INFOPLIST_KEY_UILaunchStoryboardName = LaunchScreen;
				INFOPLIST_KEY_UIMainStoryboardFile = "";
				INFOPLIST_KEY_UISupportedInterfaceOrientations_iPad = "UIInterfaceOrientationPortrait UIInterfaceOrientationPortraitUpsideDown UIInterfaceOrientationLandscapeLeft UIInterfaceOrientationLandscapeRight";
				INFOPLIST_KEY_UISupportedInterfaceOrientations_iPhone = "UIInterfaceOrientationPortrait UIInterfaceOrientationLandscapeLeft UIInterfaceOrientationLandscapeRight";
				IPHONEOS_DEPLOYMENT_TARGET = 15.0;
				LD_RUNPATH_SEARCH_PATHS = (
					"$(inherited)",
					"@executable_path/Frameworks",
				);
				MARKETING_VERSION = 1.0;
				PRODUCT_BUNDLE_IDENTIFIER = "ibrahim.ibrahim-erdogan-marti-case";
				PRODUCT_NAME = "$(TARGET_NAME)";
				SWIFT_EMIT_LOC_STRINGS = YES;
				SWIFT_VERSION = 5.0;
				TARGETED_DEVICE_FAMILY = "1,2";
			};
			name = Debug;
		};
		7F9D22632D9B0A1E00784095 /* Release */ = {
			isa = XCBuildConfiguration;
			buildSettings = {
				ASSETCATALOG_COMPILER_APPICON_NAME = AppIcon;
				ASSETCATALOG_COMPILER_GLOBAL_ACCENT_COLOR_NAME = AccentColor;
				CODE_SIGN_STYLE = Automatic;
				CURRENT_PROJECT_VERSION = 1;
				DEVELOPMENT_TEAM = PG9S8XJGY8;
				GENERATE_INFOPLIST_FILE = YES;
				INFOPLIST_FILE = ibrahim_erdogan_marti_case/Info.plist;
				INFOPLIST_KEY_UIApplicationSupportsIndirectInputEvents = YES;
				INFOPLIST_KEY_UILaunchStoryboardName = LaunchScreen;
				INFOPLIST_KEY_UIMainStoryboardFile = "";
				INFOPLIST_KEY_UISupportedInterfaceOrientations_iPad = "UIInterfaceOrientationPortrait UIInterfaceOrientationPortraitUpsideDown UIInterfaceOrientationLandscapeLeft UIInterfaceOrientationLandscapeRight";
				INFOPLIST_KEY_UISupportedInterfaceOrientations_iPhone = "UIInterfaceOrientationPortrait UIInterfaceOrientationLandscapeLeft UIInterfaceOrientationLandscapeRight";
				IPHONEOS_DEPLOYMENT_TARGET = 15.0;
				LD_RUNPATH_SEARCH_PATHS = (
					"$(inherited)",
					"@executable_path/Frameworks",
				);
				MARKETING_VERSION = 1.0;
				PRODUCT_BUNDLE_IDENTIFIER = "ibrahim.ibrahim-erdogan-marti-case";
				PRODUCT_NAME = "$(TARGET_NAME)";
				SWIFT_EMIT_LOC_STRINGS = YES;
				SWIFT_VERSION = 5.0;
				TARGETED_DEVICE_FAMILY = "1,2";
			};
			name = Release;
		};
/* End XCBuildConfiguration section */

/* Begin XCConfigurationList section */
		7F9D22452D9B0A1D00784095 /* Build configuration list for PBXProject "ibrahim_erdogan_marti_case" */ = {
			isa = XCConfigurationList;
			buildConfigurations = (
				7F9D225F2D9B0A1E00784095 /* Debug */,
				7F9D22602D9B0A1E00784095 /* Release */,
			);
			defaultConfigurationIsVisible = 0;
			defaultConfigurationName = Release;
		};
		7F9D22612D9B0A1E00784095 /* Build configuration list for PBXNativeTarget "ibrahim_erdogan_marti_case" */ = {
			isa = XCConfigurationList;
			buildConfigurations = (
				7F9D22622D9B0A1E00784095 /* Debug */,
				7F9D22632D9B0A1E00784095 /* Release */,
			);
			defaultConfigurationIsVisible = 0;
			defaultConfigurationName = Release;
		};
/* End XCConfigurationList section */

/* Begin XCVersionGroup section */
		7F9D22562D9B0A1D00784095 /* ibrahim_erdogan_marti_case.xcdatamodeld */ = {
			isa = XCVersionGroup;
			children = (
				7F9D22572D9B0A1D00784095 /* ibrahim_erdogan_marti_case.xcdatamodel */,
			);
			currentVersion = 7F9D22572D9B0A1D00784095 /* ibrahim_erdogan_marti_case.xcdatamodel */;
			path = ibrahim_erdogan_marti_case.xcdatamodeld;
			sourceTree = "<group>";
			versionGroupType = wrapper.xcdatamodel;
			wrapsLines = 1;
		};
/* End XCVersionGroup section */
	};
	rootObject = 7F9D22422D9B0A1D00784095 /* Project object */;
}
